
Microsoft Visual Studio Solution File, Format Version 12.00
# Visual Studio Version 16
VisualStudioVersion = 16.0.29920.165
MinimumVisualStudioVersion = 10.0.40219.1
Project("{9A19103F-16F7-4668-BE54-9A1E7A4F7556}") = "ClinicBusinessLogic", "ClinicBusinessLogic\ClinicBusinessLogic.csproj", "{42DEF861-1BB9-49B2-8C83-5F1B3E76D55F}"
EndProject
Project("{9A19103F-16F7-4668-BE54-9A1E7A4F7556}") = "ClinicImplementation", "ClinicImplementation\ClinicImplementation.csproj", "{79E3EF9C-A939-46E8-B40B-84B1D23AE03A}"
EndProject
Project("{FAE04EC0-301F-11D3-BF4B-00C04F79EFBC}") = "ClinicAdministrationView", "ClinicAdministrationView\ClinicAdministrationView.csproj", "{49E0B1E3-80A7-455F-9940-43DF3B518C8C}"
EndProject
Global
	GlobalSection(SolutionConfigurationPlatforms) = preSolution
		Debug|Any CPU = Debug|Any CPU
		Release|Any CPU = Release|Any CPU
	EndGlobalSection
	GlobalSection(ProjectConfigurationPlatforms) = postSolution
		{42DEF861-1BB9-49B2-8C83-5F1B3E76D55F}.Debug|Any CPU.ActiveCfg = Debug|Any CPU
		{42DEF861-1BB9-49B2-8C83-5F1B3E76D55F}.Debug|Any CPU.Build.0 = Debug|Any CPU
		{42DEF861-1BB9-49B2-8C83-5F1B3E76D55F}.Release|Any CPU.ActiveCfg = Release|Any CPU
		{42DEF861-1BB9-49B2-8C83-5F1B3E76D55F}.Release|Any CPU.Build.0 = Release|Any CPU
		{79E3EF9C-A939-46E8-B40B-84B1D23AE03A}.Debug|Any CPU.ActiveCfg = Debug|Any CPU
		{79E3EF9C-A939-46E8-B40B-84B1D23AE03A}.Debug|Any CPU.Build.0 = Debug|Any CPU
		{79E3EF9C-A939-46E8-B40B-84B1D23AE03A}.Release|Any CPU.ActiveCfg = Release|Any CPU
		{79E3EF9C-A939-46E8-B40B-84B1D23AE03A}.Release|Any CPU.Build.0 = Release|Any CPU
		{49E0B1E3-80A7-455F-9940-43DF3B518C8C}.Debug|Any CPU.ActiveCfg = Debug|Any CPU
		{49E0B1E3-80A7-455F-9940-43DF3B518C8C}.Debug|Any CPU.Build.0 = Debug|Any CPU
		{49E0B1E3-80A7-455F-9940-43DF3B518C8C}.Release|Any CPU.ActiveCfg = Release|Any CPU
		{49E0B1E3-80A7-455F-9940-43DF3B518C8C}.Release|Any CPU.Build.0 = Release|Any CPU
	EndGlobalSection
	GlobalSection(SolutionProperties) = preSolution
		HideSolutionNode = FALSE
	EndGlobalSection
	GlobalSection(ExtensibilityGlobals) = postSolution
		SolutionGuid = {43E35FF0-622C-4AE8-98C1-33451FBDEBA6}
	EndGlobalSection
EndGlobal
